
Microsoft Visual Studio Solution File, Format Version 12.00
# Visual Studio Version 16
VisualStudioVersion = 16.0.31112.23
MinimumVisualStudioVersion = 10.0.40219.1
Project("{2150E333-8FDC-42A3-9474-1A3956D46DE8}") = "src", "src", "{A6D60237-3F41-4F3B-8D55-6DE7066E4E28}"
EndProject
Project("{2150E333-8FDC-42A3-9474-1A3956D46DE8}") = "Gateways", "Gateways", "{89CA0B8A-E204-4772-B36D-F9DFE7A5F320}"
EndProject
Project("{FAE04EC0-301F-11D3-BF4B-00C04F79EFBC}") = "Gateways", "Gateways\Gateways.csproj", "{63BA81E3-328C-4DDF-A64A-FABEF8EED59E}"
EndProject
Project("{E53339B2-1760-4266-BCC7-CA923CBCF16C}") = "docker-compose", "docker-compose.dcproj", "{D9BCE837-9573-48BC-85B1-B2A772502950}"
EndProject
Project("{2150E333-8FDC-42A3-9474-1A3956D46DE8}") = "Api", "Api", "{93FAFAAF-05B5-4AE9-B3E5-3AC84F054658}"
EndProject
Project("{FAE04EC0-301F-11D3-BF4B-00C04F79EFBC}") = "TestApiA", "TestApiA\TestApiA.csproj", "{05723555-481B-4E09-9D76-80DD00F98EFC}"
EndProject
Project("{FAE04EC0-301F-11D3-BF4B-00C04F79EFBC}") = "TestApiB", "TestApiB\TestApiB.csproj", "{33CD3508-72A3-482A-8D16-F7B02D121389}"
EndProject
Project("{2150E333-8FDC-42A3-9474-1A3956D46DE8}") = "Utils", "Utils", "{4471F3F4-5084-457D-9992-07DFF8075637}"
EndProject
Project("{FAE04EC0-301F-11D3-BF4B-00C04F79EFBC}") = "Utils", "Utils\Utils.csproj", "{64AAFAF4-27D9-43B0-B86D-17211E9EC188}"
EndProject
Global
	GlobalSection(SolutionConfigurationPlatforms) = preSolution
		Debug|Any CPU = Debug|Any CPU
		Release|Any CPU = Release|Any CPU
	EndGlobalSection
	GlobalSection(ProjectConfigurationPlatforms) = postSolution
		{63BA81E3-328C-4DDF-A64A-FABEF8EED59E}.Debug|Any CPU.ActiveCfg = Debug|Any CPU
		{63BA81E3-328C-4DDF-A64A-FABEF8EED59E}.Debug|Any CPU.Build.0 = Debug|Any CPU
		{63BA81E3-328C-4DDF-A64A-FABEF8EED59E}.Release|Any CPU.ActiveCfg = Release|Any CPU
		{63BA81E3-328C-4DDF-A64A-FABEF8EED59E}.Release|Any CPU.Build.0 = Release|Any CPU
		{D9BCE837-9573-48BC-85B1-B2A772502950}.Debug|Any CPU.ActiveCfg = Debug|Any CPU
		{D9BCE837-9573-48BC-85B1-B2A772502950}.Debug|Any CPU.Build.0 = Debug|Any CPU
		{D9BCE837-9573-48BC-85B1-B2A772502950}.Release|Any CPU.ActiveCfg = Release|Any CPU
		{D9BCE837-9573-48BC-85B1-B2A772502950}.Release|Any CPU.Build.0 = Release|Any CPU
		{05723555-481B-4E09-9D76-80DD00F98EFC}.Debug|Any CPU.ActiveCfg = Debug|Any CPU
		{05723555-481B-4E09-9D76-80DD00F98EFC}.Debug|Any CPU.Build.0 = Debug|Any CPU
		{05723555-481B-4E09-9D76-80DD00F98EFC}.Release|Any CPU.ActiveCfg = Release|Any CPU
		{05723555-481B-4E09-9D76-80DD00F98EFC}.Release|Any CPU.Build.0 = Release|Any CPU
		{33CD3508-72A3-482A-8D16-F7B02D121389}.Debug|Any CPU.ActiveCfg = Debug|Any CPU
		{33CD3508-72A3-482A-8D16-F7B02D121389}.Debug|Any CPU.Build.0 = Debug|Any CPU
		{33CD3508-72A3-482A-8D16-F7B02D121389}.Release|Any CPU.ActiveCfg = Release|Any CPU
		{33CD3508-72A3-482A-8D16-F7B02D121389}.Release|Any CPU.Build.0 = Release|Any CPU
		{64AAFAF4-27D9-43B0-B86D-17211E9EC188}.Debug|Any CPU.ActiveCfg = Debug|Any CPU
		{64AAFAF4-27D9-43B0-B86D-17211E9EC188}.Debug|Any CPU.Build.0 = Debug|Any CPU
		{64AAFAF4-27D9-43B0-B86D-17211E9EC188}.Release|Any CPU.ActiveCfg = Release|Any CPU
		{64AAFAF4-27D9-43B0-B86D-17211E9EC188}.Release|Any CPU.Build.0 = Release|Any CPU
	EndGlobalSection
	GlobalSection(SolutionProperties) = preSolution
		HideSolutionNode = FALSE
	EndGlobalSection
	GlobalSection(NestedProjects) = preSolution
		{89CA0B8A-E204-4772-B36D-F9DFE7A5F320} = {A6D60237-3F41-4F3B-8D55-6DE7066E4E28}
		{63BA81E3-328C-4DDF-A64A-FABEF8EED59E} = {89CA0B8A-E204-4772-B36D-F9DFE7A5F320}
		{93FAFAAF-05B5-4AE9-B3E5-3AC84F054658} = {A6D60237-3F41-4F3B-8D55-6DE7066E4E28}
		{05723555-481B-4E09-9D76-80DD00F98EFC} = {93FAFAAF-05B5-4AE9-B3E5-3AC84F054658}
		{33CD3508-72A3-482A-8D16-F7B02D121389} = {93FAFAAF-05B5-4AE9-B3E5-3AC84F054658}
		{4471F3F4-5084-457D-9992-07DFF8075637} = {A6D60237-3F41-4F3B-8D55-6DE7066E4E28}
		{64AAFAF4-27D9-43B0-B86D-17211E9EC188} = {4471F3F4-5084-457D-9992-07DFF8075637}
	EndGlobalSection
	GlobalSection(ExtensibilityGlobals) = postSolution
		SolutionGuid = {AEAD4311-A2A9-4B8A-9578-A391134F63F5}
	EndGlobalSection
EndGlobal
